
Microsoft Visual Studio Solution File, Format Version 12.00
# Visual Studio Version 16
VisualStudioVersion = 16.0.32929.386
MinimumVisualStudioVersion = 10.0.40219.1
Project("{FAE04EC0-301F-11D3-BF4B-00C04F79EFBC}") = "PushToWin", "PushToWin\PushToWin.csproj", "{5948A0A3-3269-4B1E-9C57-821C01DB7826}"
EndProject
Global
	GlobalSection(SolutionConfigurationPlatforms) = preSolution
		Debug|Any CPU = Debug|Any CPU
		Release|Any CPU = Release|Any CPU
	EndGlobalSection
	GlobalSection(ProjectConfigurationPlatforms) = postSolution
		{5948A0A3-3269-4B1E-9C57-821C01DB7826}.Debug|Any CPU.ActiveCfg = Debug|Any CPU
		{5948A0A3-3269-4B1E-9C57-821C01DB7826}.Debug|Any CPU.Build.0 = Debug|Any CPU
		{5948A0A3-3269-4B1E-9C57-821C01DB7826}.Release|Any CPU.ActiveCfg = Release|Any CPU
		{5948A0A3-3269-4B1E-9C57-821C01DB7826}.Release|Any CPU.Build.0 = Release|Any CPU
	EndGlobalSection
	GlobalSection(SolutionProperties) = preSolution
		HideSolutionNode = FALSE
	EndGlobalSection
	GlobalSection(ExtensibilityGlobals) = postSolution
		SolutionGuid = {9BC82EC8-7F99-47D7-BDC5-250A9253115F}
	EndGlobalSection
EndGlobal
